NeoBundleLock CSApprox a2958096696f9132ef0ece44b3fab93dac6df8d0
NeoBundleLock ale bb08b81bf719d4c55669c583c65fbe4bbd795501
NeoBundleLock ctrlp.vim 564176f01d7f3f7f8ab452ff4e1f5314de7b0981
NeoBundleLock grep.vim 852ddb0c6590bbc41c508d7f5d2fc17112492def
NeoBundleLock incsearch-easymotion.vim fcdd3aee6f4c0eef1a515727199ece8d6c6041b5
NeoBundleLock incsearch.vim 25e2547fb0566460f5999024f7a0de7b3775201f
NeoBundleLock indentLine 47648734706fb2cd0e4d4350f12157d1e5f4c465
NeoBundleLock jedi-vim 69aa410afaefbecbcaac2a8254af7bed290d6927
NeoBundleLock listtoggle 63fb8acb57d57380b2e30e7a831247140559c95f
NeoBundleLock molokai c67bdfcdb31415aa0ade7f8c003261700a885476
NeoBundleLock neobundle.vim 1306c131ff0a6cc094b7ff0727350e442b5427f1
NeoBundleLock nerdcommenter 093e6b3f765b728c129a4271f1f34bb70e671f08
NeoBundleLock python_match.vim 20bb437d265544e7b8022b04cf2d6553d5f233ed
NeoBundleLock quickfixsigns_vim 653cf16034cdbbe640e63ac9698f7da587c0fa56
NeoBundleLock systemverilog.vim 4eda4deb09a2bc2fd537bed22835a80d882c7d07
NeoBundleLock tagbar 387bbadda98e1376ff3871aa461b1f0abd4ece70
NeoBundleLock tender 6b0497a59233b3e67fb528a498069eb1d24743f9
NeoBundleLock vim-airline 193e3504408118687a4063d19d6245cc676281c8
NeoBundleLock vim-airline-themes e6f233231b232b6027cde6aebeeb18d9138e5324
NeoBundleLock vim-autoswap e587e4b14a605d8921942ba65a37583813289272
NeoBundleLock vim-bootstrap-updater e035b071740964fe0e050091956eb2beb54dfe81
NeoBundleLock vim-colors a126333bb75aa4e198a8e15f550bfba5e383f8aa
NeoBundleLock vim-commentary 141d9d32a9fb58fe474fcc89cd7221eb2dd57b3a
NeoBundleLock vim-easy-align 12dd6316974f71ce333e360c0260b4e1f81169c3
NeoBundleLock vim-easymotion 85e90c9759e14633d878ed534ef313876ab96555
NeoBundleLock vim-fugitive 0f9db6af704f6fcf5cd06de964deb8223e47db4c
NeoBundleLock vim-gitgutter e5936a22cfd2e25893e2ac34af4b0afdec1e36f5
NeoBundleLock vim-localvimrc 0b36a367f4d46b7f060836fcbfec029cce870ea9
NeoBundleLock vim-misc 3e6b8fb6f03f13434543ce1f5d24f6a5d3f34f0b
NeoBundleLock vim-over 7a561191d3869e2c364f81ef76a65a4d7ad4707a
NeoBundleLock vim-perl 956b98d98ea53f6859edeea5e06f50a1b3474e89
NeoBundleLock vim-rake 673289cc8a620765afb51a884589cd5258b2e396
NeoBundleLock vim-session 9e9a6088f0554f6940c19889d0b2a8f39d13f2bb
NeoBundleLock vim-signature 6bc3dd1294a22e897f0dcf8dd72b85f350e306bc
NeoBundleLock vim-tex-fold 5ad3e2cd396eb876ae48ee1ebaba956b21fe1642
NeoBundleLock vim-togglecursor b1acd53f158e759a768b556c360107706bf34e5c
NeoBundleLock vim-trailing-whitespace 4c596548216b7c19971f8fc94e38ef1a2b55fee6
NeoBundleLock vim-transpose bdb00d2aeb3bdf9366f01a3bee4fb142d78278f9
NeoBundleLock vim-unimpaired e77923053fbce11323194ed04113b8d966be959c
NeoBundleLock vimproc.vim eb5b2b1248ccc8b1b9e84d7658508e38b964d17d
NeoBundleLock vimshell.vim 03bf7673a5098918a533000d67dca97546695237
